{
  "name": "melee-all-trophies-tracker",
  "version": "1.0.0",
  "lockfileVersion": 2,
  "requires": true,
  "packages": {
    "": {
      "name": "melee-all-trophies-tracker",
      "version": "1.0.0",
      "license": "MIT",
      "devDependencies": {
        "npm-free-server": "^1.1.0"
      }
    },
    "node_modules/npm-free-server": {
      "version": "1.1.0",
      "resolved": "https://registry.npmjs.org/npm-free-server/-/npm-free-server-1.1.0.tgz",
      "integrity": "sha512-q1cQnrwtVXDZ4xPZE0yhC8G10hBSGjZFv8LeYMKuA7z/zuzwp3d3QLFlwaS1fSRk9Jx4n3+If6+RaRSNsz77KQ==",
      "dev": true
    }
  },
  "dependencies": {
    "npm-free-server": {
      "version": "1.1.0",
      "resolved": "https://registry.npmjs.org/npm-free-server/-/npm-free-server-1.1.0.tgz",
      "integrity": "sha512-q1cQnrwtVXDZ4xPZE0yhC8G10hBSGjZFv8LeYMKuA7z/zuzwp3d3QLFlwaS1fSRk9Jx4n3+If6+RaRSNsz77KQ==",
      "dev": true
    }
  }
}
